// !$*UTF8*$!
{
	archiveVersion = 1;
	classes = {
	};
	objectVersion = 77;
	objects = {

/* Begin PBXBuildFile section */
		14899ACA2FC7EF7D009A7629 /* DaythreadStore.storekit in Resources */ = {isa = PBXBuildFile; fileRef = 14899AC92FC7EF7D009A7629 /* DaythreadStore.storekit */; };
/* End PBXBuildFile section */

/* Begin PBXContainerItemProxy section */
		148991CF2FC67371009A7629 /* PBXContainerItemProxy */ = {
			isa = PBXContainerItemProxy;
			containerPortal = 148991AD2FC6736E009A7629 /* Project object */;
			proxyType = 1;
			remoteGlobalIDString = 148991B42FC6736E009A7629;
			remoteInfo = Daythread;
		};
		1489921B2FC679CD009A7629 /* PBXContainerItemProxy */ = {
			isa = PBXContainerItemProxy;
			containerPortal = 148991AD2FC6736E009A7629 /* Project object */;
			proxyType = 1;
			remoteGlobalIDString = 148991B42FC6736E009A7629;
			remoteInfo = Daythread;
		};
/* End PBXContainerItemProxy section */

/* Begin PBXFileReference section */
		148991B52FC6736E009A7629 /* Daythread.app */ = {isa = PBXFileReference; explicitFileType = wrapper.application; includeInIndex = 0; path = Daythread.app; sourceTree = BUILT_PRODUCTS_DIR; };
		148991CE2FC67371009A7629 /* DaythreadUITests.xctest */ = {isa = PBXFileReference; explicitFileType = wrapper.cfbundle; includeInIndex = 0; path = DaythreadUITests.xctest; sourceTree = BUILT_PRODUCTS_DIR; };
		148992172FC679CD009A7629 /* DaythreadTests.xctest */ = {isa = PBXFileReference; explicitFileType = wrapper.cfbundle; includeInIndex = 0; path = DaythreadTests.xctest; sourceTree = BUILT_PRODUCTS_DIR; };
		148999AD2FC76070009A7629 /* Daythread.xctestplan */ = {isa = PBXFileReference; lastKnownFileType = text; name = Daythread.xctestplan; path = ../Daythread.xctestplan; sourceTree = "<group>"; };
		14899AC92FC7EF7D009A7629 /* DaythreadStore.storekit */ = {isa = PBXFileReference; lastKnownFileType = text; path = DaythreadStore.storekit; sourceTree = "<group>"; };
/* End PBXFileReference section */

/* Begin PBXFileSystemSynchronizedRootGroup section */
		148991B72FC6736E009A7629 /* Daythread */ = {
			isa = PBXFileSystemSynchronizedRootGroup;
			path = Daythread;
			sourceTree = "<group>";
		};
		148991D12FC67371009A7629 /* DaythreadUITests */ = {
			isa = PBXFileSystemSynchronizedRootGroup;
			path = DaythreadUITests;
			sourceTree = "<group>";
		};
		148992182FC679CD009A7629 /* DaythreadTests */ = {
			isa = PBXFileSystemSynchronizedRootGroup;
			path = DaythreadTests;
			sourceTree = "<group>";
		};
/* End PBXFileSystemSynchronizedRootGroup section */

/* Begin PBXFrameworksBuildPhase section */
		148991B22FC6736E009A7629 /* Frameworks */ = {
			isa = PBXFrameworksBuildPhase;
			buildActionMask = 2147483647;
			files = (
			);
			runOnlyForDeploymentPostprocessing = 0;
		};
		148991CB2FC67371009A7629 /* Frameworks */ = {
			isa = PBXFrameworksBuildPhase;
			buildActionMask = 2147483647;
			files = (
			);
			runOnlyForDeploymentPostprocessing = 0;
		};
		148992142FC679CD009A7629 /* Frameworks */ = {
			isa = PBXFrameworksBuildPhase;
			buildActionMask = 2147483647;
			files = (
			);
			runOnlyForDeploymentPostprocessing = 0;
		};
/* End PBXFrameworksBuildPhase section */

/* Begin PBXGroup section */
		148991AC2FC6736E009A7629 = {
			isa = PBXGroup;
			children = (
				14899AC92FC7EF7D009A7629 /* DaythreadStore.storekit */,
				148999AD2FC76070009A7629 /* Daythread.xctestplan */,
				148991B72FC6736E009A7629 /* Daythread */,
				148991D12FC67371009A7629 /* DaythreadUITests */,
				148992182FC679CD009A7629 /* DaythreadTests */,
				148991B62FC6736E009A7629 /* Products */,
			);
			sourceTree = "<group>";
		};
		148991B62FC6736E009A7629 /* Products */ = {
			isa = PBXGroup;
			children = (
				148991B52FC6736E009A7629 /* Daythread.app */,
				148991CE2FC67371009A7629 /* DaythreadUITests.xctest */,
				148992172FC679CD009A7629 /* DaythreadTests.xctest */,
			);
			name = Products;
			sourceTree = "<group>";
		};
/* End PBXGroup section */

/* Begin PBXNativeTarget section */
		148991B42FC6736E009A7629 /* Daythread */ = {
			isa = PBXNativeTarget;
			buildConfigurationList = 148991D82FC67371009A7629 /* Build configuration list for PBXNativeTarget "Daythread" */;
			buildPhases = (
				148991B12FC6736E009A7629 /* Sources */,
				148991B22FC6736E009A7629 /* Frameworks */,
				148991B32FC6736E009A7629 /* Resources */,
			);
			buildRules = (
			);
			dependencies = (
			);
			fileSystemSynchronizedGroups = (
				148991B72FC6736E009A7629 /* Daythread */,
			);
			name = Daythread;
			packageProductDependencies = (
			);
			productName = Daythread;
			productReference = 148991B52FC6736E009A7629 /* Daythread.app */;
			productType = "com.apple.product-type.application";
		};
		148991CD2FC67371009A7629 /* DaythreadUITests */ = {
			isa = PBXNativeTarget;
			buildConfigurationList = 148991DE2FC67371009A7629 /* Build configuration list for PBXNativeTarget "DaythreadUITests" */;
			buildPhases = (
				148991CA2FC67371009A7629 /* Sources */,
				148991CB2FC67371009A7629 /* Frameworks */,
				148991CC2FC67371009A7629 /* Resources */,
			);
			buildRules = (
			);
			dependencies = (
				148991D02FC67371009A7629 /* PBXTargetDependency */,
			);
			fileSystemSynchronizedGroups = (
				148991D12FC67371009A7629 /* DaythreadUITests */,
			);
			name = DaythreadUITests;
			packageProductDependencies = (
			);
			productName = DaythreadUITests;
			productReference = 148991CE2FC67371009A7629 /* DaythreadUITests.xctest */;
			productType = "com.apple.product-type.bundle.ui-testing";
		};
		148992162FC679CD009A7629 /* DaythreadTests */ = {
			isa = PBXNativeTarget;
			buildConfigurationList = 1489921D2FC679CD009A7629 /* Build configuration list for PBXNativeTarget "DaythreadTests" */;
			buildPhases = (
				148992132FC679CD009A7629 /* Sources */,
				148992142FC679CD009A7629 /* Frameworks */,
				148992152FC679CD009A7629 /* Resources */,
			);
			buildRules = (
			);
			dependencies = (
				1489921C2FC679CD009A7629 /* PBXTargetDependency */,
			);
			fileSystemSynchronizedGroups = (
				148992182FC679CD009A7629 /* DaythreadTests */,
			);
			name = DaythreadTests;
			packageProductDependencies = (
			);
			productName = DaythreadTests;
			productReference = 148992172FC679CD009A7629 /* DaythreadTests.xctest */;
			productType = "com.apple.product-type.bundle.unit-test";
		};
/* End PBXNativeTarget section */

/* Begin PBXProject section */
		148991AD2FC6736E009A7629 /* Project object */ = {
			isa = PBXProject;
			attributes = {
				BuildIndependentTargetsInParallel = 1;
				LastSwiftUpdateCheck = 2650;
				LastUpgradeCheck = 2650;
				TargetAttributes = {
					148991B42FC6736E009A7629 = {
						CreatedOnToolsVersion = 26.5;
					};
					148991CD2FC67371009A7629 = {
						CreatedOnToolsVersion = 26.5;
						TestTargetID = 148991B42FC6736E009A7629;
					};
					148992162FC679CD009A7629 = {
						CreatedOnToolsVersion = 26.5;
						TestTargetID = 148991B42FC6736E009A7629;
					};
				};
			};
			buildConfigurationList = 148991B02FC6736E009A7629 /* Build configuration list for PBXProject "Daythread" */;
			developmentRegion = en;
			hasScannedForEncodings = 0;
			knownRegions = (
				en,
				Base,
			);
			mainGroup = 148991AC2FC6736E009A7629;
			minimizedProjectReferenceProxies = 1;
			preferredProjectObjectVersion = 77;
			productRefGroup = 148991B62FC6736E009A7629 /* Products */;
			projectDirPath = "";
			projectRoot = "";
			targets = (
				148991B42FC6736E009A7629 /* Daythread */,
				148991CD2FC67371009A7629 /* DaythreadUITests */,
				148992162FC679CD009A7629 /* DaythreadTests */,
			);
		};
/* End PBXProject section */

/* Begin PBXResourcesBuildPhase section */
		148991B32FC6736E009A7629 /* Resources */ = {
			isa = PBXResourcesBuildPhase;
			buildActionMask = 2147483647;
			files = (
				14899ACA2FC7EF7D009A7629 /* DaythreadStore.storekit in Resources */,
			);
			runOnlyForDeploymentPostprocessing = 0;
		};
		148991CC2FC67371009A7629 /* Resources */ = {
			isa = PBXResourcesBuildPhase;
			buildActionMask = 2147483647;
			files = (
			);
			runOnlyForDeploymentPostprocessing = 0;
		};
		148992152FC679CD009A7629 /* Resources */ = {
			isa = PBXResourcesBuildPhase;
			buildActionMask = 2147483647;
			files = (
			);
			runOnlyForDeploymentPostprocessing = 0;
		};
/* End PBXResourcesBuildPhase section */

/* Begin PBXSourcesBuildPhase section */
		148991B12FC6736E009A7629 /* Sources */ = {
			isa = PBXSourcesBuildPhase;
			buildActionMask = 2147483647;
			files = (
			);
			runOnlyForDeploymentPostprocessing = 0;
		};
		148991CA2FC67371009A7629 /* Sources */ = {
			isa = PBXSourcesBuildPhase;
			buildActionMask = 2147483647;
			files = (
			);
			runOnlyForDeploymentPostprocessing = 0;
		};
		148992132FC679CD009A7629 /* Sources */ = {
			isa = PBXSourcesBuildPhase;
			buildActionMask = 2147483647;
			files = (
			);
			runOnlyForDeploymentPostprocessing = 0;
		};
/* End PBXSourcesBuildPhase section */

/* Begin PBXTargetDependency section */
		148991D02FC67371009A7629 /* PBXTargetDependency */ = {
			isa = PBXTargetDependency;
			target = 148991B42FC6736E009A7629 /* Daythread */;
			targetProxy = 148991CF2FC67371009A7629 /* PBXContainerItemProxy */;
		};
		1489921C2FC679CD009A7629 /* PBXTargetDependency */ = {
			isa = PBXTargetDependency;
			target = 148991B42FC6736E009A7629 /* Daythread */;
			targetProxy = 1489921B2FC679CD009A7629 /* PBXContainerItemProxy */;
		};
/* End PBXTargetDependency section */

/* Begin XCBuildConfiguration section */
		148991D62FC67371009A7629 /* Debug */ = {
			isa = XCBuildConfiguration;
			buildSettings = {
				ALWAYS_SEARCH_USER_PATHS = NO;
				ASSETCATALOG_COMPILER_GENERATE_SWIFT_ASSET_SYMBOL_EXTENSIONS = YES;
				CLANG_ANALYZER_NONNULL = YES;
				CLANG_ANALYZER_NUMBER_OBJECT_CONVERSION = YES_AGGRESSIVE;
				CLANG_CXX_LANGUAGE_STANDARD = "gnu++20";
				CLANG_ENABLE_MODULES = YES;
				CLANG_ENABLE_OBJC_ARC = YES;
				CLANG_ENABLE_OBJC_WEAK = YES;
				CLANG_WARN_BLOCK_CAPTURE_AUTORELEASING = YES;
				CLANG_WARN_BOOL_CONVERSION = YES;
				CLANG_WARN_COMMA = YES;
				CLANG_WARN_CONSTANT_CONVERSION = YES;
				CLANG_WARN_DEPRECATED_OBJC_IMPLEMENTATIONS = YES;
				CLANG_WARN_DIRECT_OBJC_ISA_USAGE = YES_ERROR;
				CLANG_WARN_DOCUMENTATION_COMMENTS = YES;
				CLANG_WARN_EMPTY_BODY = YES;
				CLANG_WARN_ENUM_CONVERSION = YES;
				CLANG_WARN_INFINITE_RECURSION = YES;
				CLANG_WARN_INT_CONVERSION = YES;
				CLANG_WARN_NON_LITERAL_NULL_CONVERSION = YES;
				CLANG_WARN_OBJC_IMPLICIT_RETAIN_SELF = YES;
				CLANG_WARN_OBJC_LITERAL_CONVERSION = YES;
				CLANG_WARN_OBJC_ROOT_CLASS = YES_ERROR;
				CLANG_WARN_QUOTED_INCLUDE_IN_FRAMEWORK_HEADER = YES;
				CLANG_WARN_RANGE_LOOP_ANALYSIS = YES;
				CLANG_WARN_STRICT_PROTOTYPES = YES;
				CLANG_WARN_SUSPICIOUS_MOVE = YES;
				CLANG_WARN_UNGUARDED_AVAILABILITY = YES_AGGRESSIVE;
				CLANG_WARN_UNREACHABLE_CODE = YES;
				CLANG_WARN__DUPLICATE_METHOD_MATCH = YES;
				COPY_PHASE_STRIP = NO;
				DEBUG_INFORMATION_FORMAT = dwarf;
				DEVELOPMENT_TEAM = 4CD86DZ6WP;
				ENABLE_STRICT_OBJC_MSGSEND = YES;
				ENABLE_TESTABILITY = YES;
				ENABLE_USER_SCRIPT_SANDBOXING = YES;
				GCC_C_LANGUAGE_STANDARD = gnu17;
				GCC_DYNAMIC_NO_PIC = NO;
				GCC_NO_COMMON_BLOCKS = YES;
				GCC_OPTIMIZATION_LEVEL = 0;
				GCC_PREPROCESSOR_DEFINITIONS = (
					"DEBUG=1",
					"$(inherited)",
				);
				GCC_WARN_64_TO_32_BIT_CONVERSION = YES;
				GCC_WARN_ABOUT_RETURN_TYPE = YES_ERROR;
				GCC_WARN_UNDECLARED_SELECTOR = YES;
				GCC_WARN_UNINITIALIZED_AUTOS = YES_AGGRESSIVE;
				GCC_WARN_UNUSED_FUNCTION = YES;
				GCC_WARN_UNUSED_VARIABLE = YES;
				IPHONEOS_DEPLOYMENT_TARGET = 26.5;
				LOCALIZATION_PREFERS_STRING_CATALOGS = YES;
				MTL_ENABLE_DEBUG_INFO = INCLUDE_SOURCE;
				MTL_FAST_MATH = YES;
				ONLY_ACTIVE_ARCH = YES;
				SDKROOT = iphoneos;
				SWIFT_ACTIVE_COMPILATION_CONDITIONS = "DEBUG $(inherited)";
				SWIFT_OPTIMIZATION_LEVEL = "-Onone";
			};
			name = Debug;
		};
		148991D72FC67371009A7629 /* Release */ = {
			isa = XCBuildConfiguration;
			buildSettings = {
				ALWAYS_SEARCH_USER_PATHS = NO;
				ASSETCATALOG_COMPILER_GENERATE_SWIFT_ASSET_SYMBOL_EXTENSIONS = YES;
				CLANG_ANALYZER_NONNULL = YES;
				CLANG_ANALYZER_NUMBER_OBJECT_CONVERSION = YES_AGGRESSIVE;
				CLANG_CXX_LANGUAGE_STANDARD = "gnu++20";
				CLANG_ENABLE_MODULES = YES;
				CLANG_ENABLE_OBJC_ARC = YES;
				CLANG_ENABLE_OBJC_WEAK = YES;
				CLANG_WARN_BLOCK_CAPTURE_AUTORELEASING = YES;
				CLANG_WARN_BOOL_CONVERSION = YES;
				CLANG_WARN_COMMA = YES;
				CLANG_WARN_CONSTANT_CONVERSION = YES;
				CLANG_WARN_DEPRECATED_OBJC_IMPLEMENTATIONS = YES;
				CLANG_WARN_DIRECT_OBJC_ISA_USAGE = YES_ERROR;
				CLANG_WARN_DOCUMENTATION_COMMENTS = YES;
				CLANG_WARN_EMPTY_BODY = YES;
				CLANG_WARN_ENUM_CONVERSION = YES;
				CLANG_WARN_INFINITE_RECURSION = YES;
				CLANG_WARN_INT_CONVERSION = YES;
				CLANG_WARN_NON_LITERAL_NULL_CONVERSION = YES;
				CLANG_WARN_OBJC_IMPLICIT_RETAIN_SELF = YES;
				CLANG_WARN_OBJC_LITERAL_CONVERSION = YES;
				CLANG_WARN_OBJC_ROOT_CLASS = YES_ERROR;
				CLANG_WARN_QUOTED_INCLUDE_IN_FRAMEWORK_HEADER = YES;
				CLANG_WARN_RANGE_LOOP_ANALYSIS = YES;
				CLANG_WARN_STRICT_PROTOTYPES = YES;
				CLANG_WARN_SUSPICIOUS_MOVE = YES;
				CLANG_WARN_UNGUARDED_AVAILABILITY = YES_AGGRESSIVE;
				CLANG_WARN_UNREACHABLE_CODE = YES;
				CLANG_WARN__DUPLICATE_METHOD_MATCH = YES;
				COPY_PHASE_STRIP = NO;
				DEBUG_INFORMATION_FORMAT = "dwarf-with-dsym";
				DEVELOPMENT_TEAM = 4CD86DZ6WP;
				ENABLE_NS_ASSERTIONS = NO;
				ENABLE_STRICT_OBJC_MSGSEND = YES;
				ENABLE_USER_SCRIPT_SANDBOXING = YES;
				GCC_C_LANGUAGE_STANDARD = gnu17;
				GCC_NO_COMMON_BLOCKS = YES;
				GCC_WARN_64_TO_32_BIT_CONVERSION = YES;
				GCC_WARN_ABOUT_RETURN_TYPE = YES_ERROR;
				GCC_WARN_UNDECLARED_SELECTOR = YES;
				GCC_WARN_UNINITIALIZED_AUTOS = YES_AGGRESSIVE;
				GCC_WARN_UNUSED_FUNCTION = YES;
				GCC_WARN_UNUSED_VARIABLE = YES;
				IPHONEOS_DEPLOYMENT_TARGET = 26.5;
				LOCALIZATION_PREFERS_STRING_CATALOGS = YES;
				MTL_ENABLE_DEBUG_INFO = NO;
				MTL_FAST_MATH = YES;
				SDKROOT = iphoneos;
				SWIFT_COMPILATION_MODE = wholemodule;
				VALIDATE_PRODUCT = YES;
			};
			name = Release;
		};
		148991D92FC67371009A7629 /* Debug */ = {
			isa = XCBuildConfiguration;
			buildSettings = {
				ASSETCATALOG_COMPILER_APPICON_NAME = AppIcon;
				ASSETCATALOG_COMPILER_GLOBAL_ACCENT_COLOR_NAME = AccentColor;
				CODE_SIGN_ENTITLEMENTS = Daythread/Daythread.entitlements;
				CODE_SIGN_STYLE = Automatic;
				CURRENT_PROJECT_VERSION = 1;
				DEVELOPMENT_TEAM = 4CD86DZ6WP;
				ENABLE_PREVIEWS = YES;
				INFOPLIST_FILE = Info.plist;
				LD_RUNPATH_SEARCH_PATHS = (
					"$(inherited)",
					"@executable_path/Frameworks",
				);
				MARKETING_VERSION = 1.0;
				PRODUCT_BUNDLE_IDENTIFIER = com.DelonSampaio.Daythread;
				PRODUCT_NAME = "$(TARGET_NAME)";
				STRING_CATALOG_GENERATE_SYMBOLS = YES;
				SWIFT_APPROACHABLE_CONCURRENCY = YES;
				SWIFT_DEFAULT_ACTOR_ISOLATION = MainActor;
				SWIFT_EMIT_LOC_STRINGS = YES;
				SWIFT_UPCOMING_FEATURE_MEMBER_IMPORT_VISIBILITY = YES;
				SWIFT_VERSION = 6.0;
				TARGETED_DEVICE_FAMILY = "1,2";
			};
			name = Debug;
		};
		148991DA2FC67371009A7629 /* Release */ = {
			isa = XCBuildConfiguration;
			buildSettings = {
				ASSETCATALOG_COMPILER_APPICON_NAME = AppIcon;
				ASSETCATALOG_COMPILER_GLOBAL_ACCENT_COLOR_NAME = AccentColor;
				CODE_SIGN_ENTITLEMENTS = Daythread/Daythread.entitlements;
				CODE_SIGN_STYLE = Automatic;
				CURRENT_PROJECT_VERSION = 1;
				DEVELOPMENT_TEAM = 4CD86DZ6WP;
				ENABLE_PREVIEWS = YES;
				INFOPLIST_FILE = Info.plist;
				LD_RUNPATH_SEARCH_PATHS = (
					"$(inherited)",
					"@executable_path/Frameworks",
				);
				MARKETING_VERSION = 1.0;
				PRODUCT_BUNDLE_IDENTIFIER = com.DelonSampaio.Daythread;
				PRODUCT_NAME = "$(TARGET_NAME)";
				STRING_CATALOG_GENERATE_SYMBOLS = YES;
				SWIFT_APPROACHABLE_CONCURRENCY = YES;
				SWIFT_DEFAULT_ACTOR_ISOLATION = MainActor;
				SWIFT_EMIT_LOC_STRINGS = YES;
				SWIFT_UPCOMING_FEATURE_MEMBER_IMPORT_VISIBILITY = YES;
				SWIFT_VERSION = 6.0;
				TARGETED_DEVICE_FAMILY = "1,2";
			};
			name = Release;
		};
		148991DF2FC67371009A7629 /* Debug */ = {
			isa = XCBuildConfiguration;
			buildSettings = {
				CODE_SIGN_STYLE = Automatic;
				CURRENT_PROJECT_VERSION = 1;
				DEVELOPMENT_TEAM = 4CD86DZ6WP;
				GENERATE_INFOPLIST_FILE = YES;
				MARKETING_VERSION = 1.0;
				PRODUCT_BUNDLE_IDENTIFIER = com.DelonSampaio.DaythreadUITests;
				PRODUCT_NAME = "$(TARGET_NAME)";
				STRING_CATALOG_GENERATE_SYMBOLS = NO;
				SWIFT_APPROACHABLE_CONCURRENCY = YES;
				SWIFT_EMIT_LOC_STRINGS = NO;
				SWIFT_UPCOMING_FEATURE_MEMBER_IMPORT_VISIBILITY = YES;
				SWIFT_VERSION = 5.0;
				TARGETED_DEVICE_FAMILY = "1,2";
				TEST_TARGET_NAME = Daythread;
			};
			name = Debug;
		};
		148991E02FC67371009A7629 /* Release */ = {
			isa = XCBuildConfiguration;
			buildSettings = {
				CODE_SIGN_STYLE = Automatic;
				CURRENT_PROJECT_VERSION = 1;
				DEVELOPMENT_TEAM = 4CD86DZ6WP;
				GENERATE_INFOPLIST_FILE = YES;
				MARKETING_VERSION = 1.0;
				PRODUCT_BUNDLE_IDENTIFIER = com.DelonSampaio.DaythreadUITests;
				PRODUCT_NAME = "$(TARGET_NAME)";
				STRING_CATALOG_GENERATE_SYMBOLS = NO;
				SWIFT_APPROACHABLE_CONCURRENCY = YES;
				SWIFT_EMIT_LOC_STRINGS = NO;
				SWIFT_UPCOMING_FEATURE_MEMBER_IMPORT_VISIBILITY = YES;
				SWIFT_VERSION = 5.0;
				TARGETED_DEVICE_FAMILY = "1,2";
				TEST_TARGET_NAME = Daythread;
			};
			name = Release;
		};
		1489921E2FC679CD009A7629 /* Debug */ = {
			isa = XCBuildConfiguration;
			buildSettings = {
				BUNDLE_LOADER = "$(TEST_HOST)";
				CODE_SIGN_STYLE = Automatic;
				CURRENT_PROJECT_VERSION = 1;
				DEVELOPMENT_TEAM = 4CD86DZ6WP;
				GENERATE_INFOPLIST_FILE = YES;
				MARKETING_VERSION = 1.0;
				PRODUCT_BUNDLE_IDENTIFIER = com.DelonSampaio.LiftLogic.DaythreadTests;
				PRODUCT_NAME = "$(TARGET_NAME)";
				STRING_CATALOG_GENERATE_SYMBOLS = NO;
				SWIFT_APPROACHABLE_CONCURRENCY = YES;
				SWIFT_EMIT_LOC_STRINGS = NO;
				SWIFT_UPCOMING_FEATURE_MEMBER_IMPORT_VISIBILITY = YES;
				SWIFT_VERSION = 5.0;
				TARGETED_DEVICE_FAMILY = "1,2";
				TEST_HOST = "$(BUILT_PRODUCTS_DIR)/Daythread.app/$(BUNDLE_EXECUTABLE_FOLDER_PATH)/Daythread";
			};
			name = Debug;
		};
		1489921F2FC679CD009A7629 /* Release */ = {
			isa = XCBuildConfiguration;
			buildSettings = {
				BUNDLE_LOADER = "$(TEST_HOST)";
				CODE_SIGN_STYLE = Automatic;
				CURRENT_PROJECT_VERSION = 1;
				DEVELOPMENT_TEAM = 4CD86DZ6WP;
				GENERATE_INFOPLIST_FILE = YES;
				MARKETING_VERSION = 1.0;
				PRODUCT_BUNDLE_IDENTIFIER = com.DelonSampaio.LiftLogic.DaythreadTests;
				PRODUCT_NAME = "$(TARGET_NAME)";
				STRING_CATALOG_GENERATE_SYMBOLS = NO;
				SWIFT_APPROACHABLE_CONCURRENCY = YES;
				SWIFT_EMIT_LOC_STRINGS = NO;
				SWIFT_UPCOMING_FEATURE_MEMBER_IMPORT_VISIBILITY = YES;
				SWIFT_VERSION = 5.0;
				TARGETED_DEVICE_FAMILY = "1,2";
				TEST_HOST = "$(BUILT_PRODUCTS_DIR)/Daythread.app/$(BUNDLE_EXECUTABLE_FOLDER_PATH)/Daythread";
			};
			name = Release;
		};
/* End XCBuildConfiguration section */

/* Begin XCConfigurationList section */
		148991B02FC6736E009A7629 /* Build configuration list for PBXProject "Daythread" */ = {
			isa = XCConfigurationList;
			buildConfigurations = (
				148991D62FC67371009A7629 /* Debug */,
				148991D72FC67371009A7629 /* Release */,
			);
			defaultConfigurationIsVisible = 0;
			defaultConfigurationName = Release;
		};
		148991D82FC67371009A7629 /* Build configuration list for PBXNativeTarget "Daythread" */ = {
			isa = XCConfigurationList;
			buildConfigurations = (
				148991D92FC67371009A7629 /* Debug */,
				148991DA2FC67371009A7629 /* Release */,
			);
			defaultConfigurationIsVisible = 0;
			defaultConfigurationName = Release;
		};
		148991DE2FC67371009A7629 /* Build configuration list for PBXNativeTarget "DaythreadUITests" */ = {
			isa = XCConfigurationList;
			buildConfigurations = (
				148991DF2FC67371009A7629 /* Debug */,
				148991E02FC67371009A7629 /* Release */,
			);
			defaultConfigurationIsVisible = 0;
			defaultConfigurationName = Release;
		};
		1489921D2FC679CD009A7629 /* Build configuration list for PBXNativeTarget "DaythreadTests" */ = {
			isa = XCConfigurationList;
			buildConfigurations = (
				1489921E2FC679CD009A7629 /* Debug */,
				1489921F2FC679CD009A7629 /* Release */,
			);
			defaultConfigurationIsVisible = 0;
			defaultConfigurationName = Release;
		};
/* End XCConfigurationList section */
	};
	rootObject = 148991AD2FC6736E009A7629 /* Project object */;
}
